# This file is automatically @generated by Cargo.
# It is not intended for manual editing.
version = 4

[[package]]
name = "aho-corasick"
version = "1.1.3"
source = "registry+https://github.com/rust-lang/crates.io-index"
checksum = "8e60d3430d3a69478ad0993f19238d2df97c507009a52b3c10addcd7f6bcb916"
dependencies = [
 "memchr",
]

[[package]]
name = "anstream"
version = "0.6.20"
source = "registry+https://github.com/rust-lang/crates.io-index"
checksum = "3ae563653d1938f79b1ab1b5e668c87c76a9930414574a6583a7b7e11a8e6192"
dependencies = [
 "anstyle",
 "anstyle-parse",
 "anstyle-query",
 "anstyle-wincon",
 "colorchoice",
 "is_terminal_polyfill",
 "utf8parse",
]

[[package]]
name = "anstyle"
version = "1.0.11"
source = "registry+https://github.com/rust-lang/crates.io-index"
checksum = "862ed96ca487e809f1c8e5a8447f6ee2cf102f846893800b20cebdf541fc6bbd"

[[package]]
name = "anstyle-parse"
version = "0.2.7"
source = "registry+https://github.com/rust-lang/crates.io-index"
checksum = "4e7644824f0aa2c7b9384579234ef10eb7efb6a0deb83f9630a49594dd9c15c2"
dependencies = [
 "utf8parse",
]

[[package]]
name = "anstyle-query"
version = "1.1.4"
source = "registry+https://github.com/rust-lang/crates.io-index"
checksum = "9e231f6134f61b71076a3eab506c379d4f36122f2af15a9ff04415ea4c3339e2"
dependencies = [
 "windows-sys",
]

[[package]]
name = "anstyle-wincon"
version = "3.0.10"
source = "registry+https://github.com/rust-lang/crates.io-index"
checksum = "3e0633414522a32ffaac8ac6cc8f748e090c5717661fddeea04219e2344f5f2a"
dependencies = [
 "anstyle",
 "once_cell_polyfill",
 "windows-sys",
]

[[package]]
name = "castaway"
version = "0.2.3"
source = "registry+https://github.com/rust-lang/crates.io-index"
checksum = "0abae9be0aaf9ea96a3b1b8b1b55c602ca751eba1b1500220cea4ecbafe7c0d5"
dependencies = [
 "rustversion",
]

[[package]]
name = "cfg-if"
version = "1.0.0"
source = "registry+https://github.com/rust-lang/crates.io-index"
checksum = "baf1de4339761588bc0619e3cbc0120ee582ebb74b53b4efbf79117bd2da40fd"

[[package]]
name = "colorchoice"
version = "1.0.4"
source = "registry+https://github.com/rust-lang/crates.io-index"
checksum = "b05b61dc5112cbb17e4b6cd61790d9845d13888356391624cbe7e41efeac1e75"

[[package]]
name = "compact_str"
version = "0.7.1"
source = "registry+https://github.com/rust-lang/crates.io-index"
checksum = "f86b9c4c00838774a6d902ef931eff7470720c51d90c2e32cfe15dc304737b3f"
dependencies = [
 "castaway",
 "cfg-if",
 "itoa",
 "ryu",
 "serde",
 "static_assertions",
]

[[package]]
name = "crossbeam-utils"
version = "0.8.21"
source = "registry+https://github.com/rust-lang/crates.io-index"
checksum = "d0a5c400df2834b80a4c3327b3aad3a4c4cd4de0629063962b03235697506a28"

[[package]]
name = "dmpworks-rust"
version = "0.1.0"
dependencies = [
 "env_logger",
 "human_name",
 "log",
 "pyo3",
 "serde_json",
 "strip-tags",
]

[[package]]
name = "env_filter"
version = "0.1.3"
source = "registry+https://github.com/rust-lang/crates.io-index"
checksum = "186e05a59d4c50738528153b83b0b0194d3a29507dfec16eccd4b342903397d0"
dependencies = [
 "log",
 "regex",
]

[[package]]
name = "env_logger"
version = "0.11.8"
source = "registry+https://github.com/rust-lang/crates.io-index"
checksum = "13c863f0904021b108aa8b2f55046443e6b1ebde8fd4a15c399893aae4fa069f"
dependencies = [
 "anstream",
 "anstyle",
 "env_filter",
 "jiff",
 "log",
]

[[package]]
name = "heck"
version = "0.5.0"
source = "registry+https://github.com/rust-lang/crates.io-index"
checksum = "2304e00983f87ffb38b55b444b5e3b60a884b5d30c0fca7d82fe33449bbe55ea"

[[package]]
name = "human_name"
version = "2.0.4"
source = "registry+https://github.com/rust-lang/crates.io-index"
checksum = "fbd70ad9620f3a33a270cedfa47114c9566660c28ff8d0b3772b5c8dc1dac085"
dependencies = [
 "compact_str",
 "crossbeam-utils",
 "phf",
 "phf_codegen",
 "serde",
 "serde_json",
 "smallvec",
 "unicode-case-mapping",
 "unicode-normalization",
 "unicode-segmentation",
 "unidecode",
]

[[package]]
name = "is_terminal_polyfill"
version = "1.70.1"
source = "registry+https://github.com/rust-lang/crates.io-index"
checksum = "7943c866cc5cd64cbc25b2e01621d07fa8eb2a1a23160ee81ce38704e97b8ecf"

[[package]]
name = "itoa"
version = "1.0.15"
source = "registry+https://github.com/rust-lang/crates.io-index"
checksum = "4a5f13b858c8d314ee3e8f639011f7ccefe71f97f96e50151fb991f267928e2c"

[[package]]
name = "jiff"
version = "0.2.15"
source = "registry+https://github.com/rust-lang/crates.io-index"
checksum = "be1f93b8b1eb69c77f24bbb0afdf66f54b632ee39af40ca21c4365a1d7347e49"
dependencies = [
 "jiff-static",
 "log",
 "portable-atomic",
 "portable-atomic-util",
 "serde",
]

[[package]]
name = "jiff-static"
version = "0.2.15"
source = "registry+https://github.com/rust-lang/crates.io-index"
checksum = "03343451ff899767262ec32146f6d559dd759fdadf42ff0e227c7c48f72594b4"
dependencies = [
 "proc-macro2",
 "quote",
 "syn",
]

[[package]]
name = "libc"
version = "0.2.172"
source = "registry+https://github.com/rust-lang/crates.io-index"
checksum = "d750af042f7ef4f724306de029d18836c26c1765a54a6a3f094cbd23a7267ffa"

[[package]]
name = "log"
version = "0.4.27"
source = "registry+https://github.com/rust-lang/crates.io-index"
checksum = "13dc2df351e3202783a1fe0d44375f7295ffb4049267b0f3018346dc122a1d94"

[[package]]
name = "memchr"
version = "2.7.4"
source = "registry+https://github.com/rust-lang/crates.io-index"
checksum = "78ca9ab1a0babb1e7d5695e3530886289c18cf2f87ec19a575a0abdce112e3a3"

[[package]]
name = "once_cell"
version = "1.21.3"
source = "registry+https://github.com/rust-lang/crates.io-index"
checksum = "42f5e15c9953c5e4ccceeb2e7382a716482c34515315f7b03532b8b4e8393d2d"

[[package]]
name = "once_cell_polyfill"
version = "1.70.1"
source = "registry+https://github.com/rust-lang/crates.io-index"
checksum = "a4895175b425cb1f87721b59f0f286c2092bd4af812243672510e1ac53e2e0ad"

[[package]]
name = "phf"
version = "0.11.3"
source = "registry+https://github.com/rust-lang/crates.io-index"
checksum = "1fd6780a80ae0c52cc120a26a1a42c1ae51b247a253e4e06113d23d2c2edd078"
dependencies = [
 "phf_shared",
]

[[package]]
name = "phf_codegen"
version = "0.11.3"
source = "registry+https://github.com/rust-lang/crates.io-index"
checksum = "aef8048c789fa5e851558d709946d6d79a8ff88c0440c587967f8e94bfb1216a"
dependencies = [
 "phf_generator",
 "phf_shared",
]

[[package]]
name = "phf_generator"
version = "0.11.3"
source = "registry+https://github.com/rust-lang/crates.io-index"
checksum = "3c80231409c20246a13fddb31776fb942c38553c51e871f8cbd687a4cfb5843d"
dependencies = [
 "phf_shared",
 "rand",
]

[[package]]
name = "phf_shared"
version = "0.11.3"
source = "registry+https://github.com/rust-lang/crates.io-index"
checksum = "67eabc2ef2a60eb7faa00097bd1ffdb5bd28e62bf39990626a582201b7a754e5"
dependencies = [
 "siphasher",
]

[[package]]
name = "portable-atomic"
version = "1.11.0"
source = "registry+https://github.com/rust-lang/crates.io-index"
checksum = "350e9b48cbc6b0e028b0473b114454c6316e57336ee184ceab6e53f72c178b3e"

[[package]]
name = "portable-atomic-util"
version = "0.2.4"
source = "registry+https://github.com/rust-lang/crates.io-index"
checksum = "d8a2f0d8d040d7848a709caf78912debcc3f33ee4b3cac47d73d1e1069e83507"
dependencies = [
 "portable-atomic",
]

[[package]]
name = "proc-macro2"
version = "1.0.95"
source = "registry+https://github.com/rust-lang/crates.io-index"
checksum = "02b3e5e68a3a1a02aad3ec490a98007cbc13c37cbe84a3cd7b8e406d76e7f778"
dependencies = [
 "unicode-ident",
]

[[package]]
name = "pyo3"
version = "0.28.2"
source = "registry+https://github.com/rust-lang/crates.io-index"
checksum = "cf85e27e86080aafd5a22eae58a162e133a589551542b3e5cee4beb27e54f8e1"
dependencies = [
 "libc",
 "once_cell",
 "portable-atomic",
 "pyo3-build-config",
 "pyo3-ffi",
 "pyo3-macros",
]

[[package]]
name = "pyo3-build-config"
version = "0.28.2"
source = "registry+https://github.com/rust-lang/crates.io-index"
checksum = "8bf94ee265674bf76c09fa430b0e99c26e319c945d96ca0d5a8215f31bf81cf7"
dependencies = [
 "target-lexicon",
]

[[package]]
name = "pyo3-ffi"
version = "0.28.2"
source = "registry+https://github.com/rust-lang/crates.io-index"
checksum = "491aa5fc66d8059dd44a75f4580a2962c1862a1c2945359db36f6c2818b748dc"
dependencies = [
 "libc",
 "pyo3-build-config",
]

[[package]]
name = "pyo3-macros"
version = "0.28.2"
source = "registry+https://github.com/rust-lang/crates.io-index"
checksum = "f5d671734e9d7a43449f8480f8b38115df67bef8d21f76837fa75ee7aaa5e52e"
dependencies = [
 "proc-macro2",
 "pyo3-macros-backend",
 "quote",
 "syn",
]

[[package]]
name = "pyo3-macros-backend"
version = "0.28.2"
source = "registry+https://github.com/rust-lang/crates.io-index"
checksum = "22faaa1ce6c430a1f71658760497291065e6450d7b5dc2bcf254d49f66ee700a"
dependencies = [
 "heck",
 "proc-macro2",
 "pyo3-build-config",
 "quote",
 "syn",
]

[[package]]
name = "quote"
version = "1.0.40"
source = "registry+https://github.com/rust-lang/crates.io-index"
checksum = "1885c039570dc00dcb4ff087a89e185fd56bae234ddc7f056a945bf36467248d"
dependencies = [
 "proc-macro2",
]

[[package]]
name = "rand"
version = "0.8.5"
source = "registry+https://github.com/rust-lang/crates.io-index"
checksum = "34af8d1a0e25924bc5b7c43c079c942339d8f0a8b57c39049bef581b46327404"
dependencies = [
 "rand_core",
]

[[package]]
name = "rand_core"
version = "0.6.4"
source = "registry+https://github.com/rust-lang/crates.io-index"
checksum = "ec0be4795e2f6a28069bec0b5ff3e2ac9bafc99e6a9a7dc3547996c5c816922c"

[[package]]
name = "regex"
version = "1.11.1"
source = "registry+https://github.com/rust-lang/crates.io-index"
checksum = "b544ef1b4eac5dc2db33ea63606ae9ffcfac26c1416a2806ae0bf5f56b201191"
dependencies = [
 "aho-corasick",
 "memchr",
 "regex-automata",
 "regex-syntax",
]

[[package]]
name = "regex-automata"
version = "0.4.9"
source = "registry+https://github.com/rust-lang/crates.io-index"
checksum = "809e8dc61f6de73b46c85f4c96486310fe304c434cfa43669d7b40f711150908"
dependencies = [
 "aho-corasick",
 "memchr",
 "regex-syntax",
]

[[package]]
name = "regex-syntax"
version = "0.8.5"
source = "registry+https://github.com/rust-lang/crates.io-index"
checksum = "2b15c43186be67a4fd63bee50d0303afffcef381492ebe2c5d87f324e1b8815c"

[[package]]
name = "rustversion"
version = "1.0.21"
source = "registry+https://github.com/rust-lang/crates.io-index"
checksum = "8a0d197bd2c9dc6e53b84da9556a69ba4cdfab8619eb41a8bd1cc2027a0f6b1d"

[[package]]
name = "ryu"
version = "1.0.20"
source = "registry+https://github.com/rust-lang/crates.io-index"
checksum = "28d3b2b1366ec20994f1fd18c3c594f05c5dd4bc44d8bb0c1c632c8d6829481f"

[[package]]
name = "serde"
version = "1.0.228"
source = "registry+https://github.com/rust-lang/crates.io-index"
checksum = "9a8e94ea7f378bd32cbbd37198a4a91436180c5bb472411e48b5ec2e2124ae9e"
dependencies = [
 "serde_core",
 "serde_derive",
]

[[package]]
name = "serde_core"
version = "1.0.228"
source = "registry+https://github.com/rust-lang/crates.io-index"
checksum = "41d385c7d4ca58e59fc732af25c3983b67ac852c1a25000afe1175de458b67ad"
dependencies = [
 "serde_derive",
]

[[package]]
name = "serde_derive"
version = "1.0.228"
source = "registry+https://github.com/rust-lang/crates.io-index"
checksum = "d540f220d3187173da220f885ab66608367b6574e925011a9353e4badda91d79"
dependencies = [
 "proc-macro2",
 "quote",
 "syn",
]

[[package]]
name = "serde_json"
version = "1.0.149"
source = "registry+https://github.com/rust-lang/crates.io-index"
checksum = "83fc039473c5595ace860d8c4fafa220ff474b3fc6bfdb4293327f1a37e94d86"
dependencies = [
 "itoa",
 "memchr",
 "serde",
 "serde_core",
 "zmij",
]

[[package]]
name = "siphasher"
version = "1.0.1"
source = "registry+https://github.com/rust-lang/crates.io-index"
checksum = "56199f7ddabf13fe5074ce809e7d3f42b42ae711800501b5b16ea82ad029c39d"

[[package]]
name = "smallvec"
version = "1.15.0"
source = "registry+https://github.com/rust-lang/crates.io-index"
checksum = "8917285742e9f3e1683f0a9c4e6b57960b7314d0b08d30d1ecd426713ee2eee9"

[[package]]
name = "static_assertions"
version = "1.1.0"
source = "registry+https://github.com/rust-lang/crates.io-index"
checksum = "a2eb9349b6444b326872e140eb1cf5e7c522154d69e7a0ffb0fb81c06b37543f"

[[package]]
name = "strip-tags"
version = "0.1.0"
source = "registry+https://github.com/rust-lang/crates.io-index"
checksum = "ecd2b127e68202f5f285a116f616d5d11735cca5e4befaea0347becd445b05b2"

[[package]]
name = "syn"
version = "2.0.101"
source = "registry+https://github.com/rust-lang/crates.io-index"
checksum = "8ce2b7fc941b3a24138a0a7cf8e858bfc6a992e7978a068a5c760deb0ed43caf"
dependencies = [
 "proc-macro2",
 "quote",
 "unicode-ident",
]

[[package]]
name = "target-lexicon"
version = "0.13.5"
source = "registry+https://github.com/rust-lang/crates.io-index"
checksum = "adb6935a6f5c20170eeceb1a3835a49e12e19d792f6dd344ccc76a985ca5a6ca"

[[package]]
name = "tinyvec"
version = "1.9.0"
source = "registry+https://github.com/rust-lang/crates.io-index"
checksum = "09b3661f17e86524eccd4371ab0429194e0d7c008abb45f7a7495b1719463c71"
dependencies = [
 "tinyvec_macros",
]

[[package]]
name = "tinyvec_macros"
version = "0.1.1"
source = "registry+https://github.com/rust-lang/crates.io-index"
checksum = "1f3ccbac311fea05f86f61904b462b55fb3df8837a366dfc601a0161d0532f20"

[[package]]
name = "unicode-case-mapping"
version = "0.4.0"
source = "registry+https://github.com/rust-lang/crates.io-index"
checksum = "916a391c62ffbc5b6220fdafa353e93b530d21904d82ca1a2e29cdb5cfb4399f"

[[package]]
name = "unicode-ident"
version = "1.0.18"
source = "registry+https://github.com/rust-lang/crates.io-index"
checksum = "5a5f39404a5da50712a4c1eecf25e90dd62b613502b7e925fd4e4d19b5c96512"

[[package]]
name = "unicode-normalization"
version = "0.1.24"
source = "registry+https://github.com/rust-lang/crates.io-index"
checksum = "5033c97c4262335cded6d6fc3e5c18ab755e1a3dc96376350f3d8e9f009ad956"
dependencies = [
 "tinyvec",
]

[[package]]
name = "unicode-segmentation"
version = "1.12.0"
source = "registry+https://github.com/rust-lang/crates.io-index"
checksum = "f6ccf251212114b54433ec949fd6a7841275f9ada20dddd2f29e9ceea4501493"

[[package]]
name = "unidecode"
version = "0.3.0"
source = "registry+https://github.com/rust-lang/crates.io-index"
checksum = "402bb19d8e03f1d1a7450e2bd613980869438e0666331be3e073089124aa1adc"

[[package]]
name = "utf8parse"
version = "0.2.2"
source = "registry+https://github.com/rust-lang/crates.io-index"
checksum = "06abde3611657adf66d383f00b093d7faecc7fa57071cce2578660c9f1010821"

[[package]]
name = "windows-sys"
version = "0.60.2"
source = "registry+https://github.com/rust-lang/crates.io-index"
checksum = "f2f500e4d28234f72040990ec9d39e3a6b950f9f22d3dba18416c35882612bcb"
dependencies = [
 "windows-targets",
]

[[package]]
name = "windows-targets"
version = "0.53.2"
source = "registry+https://github.com/rust-lang/crates.io-index"
checksum = "c66f69fcc9ce11da9966ddb31a40968cad001c5bedeb5c2b82ede4253ab48aef"
dependencies = [
 "windows_aarch64_gnullvm",
 "windows_aarch64_msvc",
 "windows_i686_gnu",
 "windows_i686_gnullvm",
 "windows_i686_msvc",
 "windows_x86_64_gnu",
 "windows_x86_64_gnullvm",
 "windows_x86_64_msvc",
]

[[package]]
name = "windows_aarch64_gnullvm"
version = "0.53.0"
source = "registry+https://github.com/rust-lang/crates.io-index"
checksum = "86b8d5f90ddd19cb4a147a5fa63ca848db3df085e25fee3cc10b39b6eebae764"

[[package]]
name = "windows_aarch64_msvc"
version = "0.53.0"
source = "registry+https://github.com/rust-lang/crates.io-index"
checksum = "c7651a1f62a11b8cbd5e0d42526e55f2c99886c77e007179efff86c2b137e66c"

[[package]]
name = "windows_i686_gnu"
version = "0.53.0"
source = "registry+https://github.com/rust-lang/crates.io-index"
checksum = "c1dc67659d35f387f5f6c479dc4e28f1d4bb90ddd1a5d3da2e5d97b42d6272c3"

[[package]]
name = "windows_i686_gnullvm"
version = "0.53.0"
source = "registry+https://github.com/rust-lang/crates.io-index"
checksum = "9ce6ccbdedbf6d6354471319e781c0dfef054c81fbc7cf83f338a4296c0cae11"

[[package]]
name = "windows_i686_msvc"
version = "0.53.0"
source = "registry+https://github.com/rust-lang/crates.io-index"
checksum = "581fee95406bb13382d2f65cd4a908ca7b1e4c2f1917f143ba16efe98a589b5d"

[[package]]
name = "windows_x86_64_gnu"
version = "0.53.0"
source = "registry+https://github.com/rust-lang/crates.io-index"
checksum = "2e55b5ac9ea33f2fc1716d1742db15574fd6fc8dadc51caab1c16a3d3b4190ba"

[[package]]
name = "windows_x86_64_gnullvm"
version = "0.53.0"
source = "registry+https://github.com/rust-lang/crates.io-index"
checksum = "0a6e035dd0599267ce1ee132e51c27dd29437f63325753051e71dd9e42406c57"

[[package]]
name = "windows_x86_64_msvc"
version = "0.53.0"
source = "registry+https://github.com/rust-lang/crates.io-index"
checksum = "271414315aff87387382ec3d271b52d7ae78726f5d44ac98b4f4030c91880486"

[[package]]
name = "zmij"
version = "1.0.21"
source = "registry+https://github.com/rust-lang/crates.io-index"
checksum = "b8848ee67ecc8aedbaf3e4122217aff892639231befc6a1b58d29fff4c2cabaa"
